
Microsoft Visual Studio Solution File, Format Version 12.00
# Visual Studio 15
VisualStudioVersion = 15.0.26730.10
MinimumVisualStudioVersion = 10.0.40219.1
Project("{FAE04EC0-301F-11D3-BF4B-00C04F79EFBC}") = "derek-csharp-19", "derek-csharp-19\derek-csharp-19.csproj", "{6C4F02E4-516B-495F-8EF5-18B0C946A215}"
EndProject
Project("{FAE04EC0-301F-11D3-BF4B-00C04F79EFBC}") = "derek-csharp-20", "derek-csharp-20\derek-csharp-20.csproj", "{32C5BBA9-DF30-484C-A69E-B19ACF7EBDE2}"
EndProject
Project("{FAE04EC0-301F-11D3-BF4B-00C04F79EFBC}") = "derek-csharp-21", "derek-csharp-21\derek-csharp-21.csproj", "{E00EB3E3-68F6-4D03-A78D-1318C3DF9332}"
EndProject
Project("{FAE04EC0-301F-11D3-BF4B-00C04F79EFBC}") = "derek-csharp-22", "derek-csharp-22\derek-csharp-22.csproj", "{0A3FEB2E-24B7-4721-9DBF-D37DFA9BBEBF}"
EndProject
Project("{FAE04EC0-301F-11D3-BF4B-00C04F79EFBC}") = "derek-csharp-23", "derek-csharp-23\derek-csharp-23.csproj", "{06B272A7-E098-460C-A885-4B88A924A598}"
EndProject
Project("{FAE04EC0-301F-11D3-BF4B-00C04F79EFBC}") = "derek-csharp-24", "derek-csharp-24\derek-csharp-24.csproj", "{C64457DE-BE55-4CFA-8562-F768EFA08DAE}"
EndProject
Global
	GlobalSection(SolutionConfigurationPlatforms) = preSolution
		Debug|Any CPU = Debug|Any CPU
		Release|Any CPU = Release|Any CPU
	EndGlobalSection
	GlobalSection(ProjectConfigurationPlatforms) = postSolution
		{6C4F02E4-516B-495F-8EF5-18B0C946A215}.Debug|Any CPU.ActiveCfg = Debug|Any CPU
		{6C4F02E4-516B-495F-8EF5-18B0C946A215}.Debug|Any CPU.Build.0 = Debug|Any CPU
		{6C4F02E4-516B-495F-8EF5-18B0C946A215}.Release|Any CPU.ActiveCfg = Release|Any CPU
		{6C4F02E4-516B-495F-8EF5-18B0C946A215}.Release|Any CPU.Build.0 = Release|Any CPU
		{32C5BBA9-DF30-484C-A69E-B19ACF7EBDE2}.Debug|Any CPU.ActiveCfg = Debug|Any CPU
		{32C5BBA9-DF30-484C-A69E-B19ACF7EBDE2}.Debug|Any CPU.Build.0 = Debug|Any CPU
		{32C5BBA9-DF30-484C-A69E-B19ACF7EBDE2}.Release|Any CPU.ActiveCfg = Release|Any CPU
		{32C5BBA9-DF30-484C-A69E-B19ACF7EBDE2}.Release|Any CPU.Build.0 = Release|Any CPU
		{E00EB3E3-68F6-4D03-A78D-1318C3DF9332}.Debug|Any CPU.ActiveCfg = Debug|Any CPU
		{E00EB3E3-68F6-4D03-A78D-1318C3DF9332}.Debug|Any CPU.Build.0 = Debug|Any CPU
		{E00EB3E3-68F6-4D03-A78D-1318C3DF9332}.Release|Any CPU.ActiveCfg = Release|Any CPU
		{E00EB3E3-68F6-4D03-A78D-1318C3DF9332}.Release|Any CPU.Build.0 = Release|Any CPU
		{0A3FEB2E-24B7-4721-9DBF-D37DFA9BBEBF}.Debug|Any CPU.ActiveCfg = Debug|Any CPU
		{0A3FEB2E-24B7-4721-9DBF-D37DFA9BBEBF}.Debug|Any CPU.Build.0 = Debug|Any CPU
		{0A3FEB2E-24B7-4721-9DBF-D37DFA9BBEBF}.Release|Any CPU.ActiveCfg = Release|Any CPU
		{0A3FEB2E-24B7-4721-9DBF-D37DFA9BBEBF}.Release|Any CPU.Build.0 = Release|Any CPU
		{06B272A7-E098-460C-A885-4B88A924A598}.Debug|Any CPU.ActiveCfg = Debug|Any CPU
		{06B272A7-E098-460C-A885-4B88A924A598}.Debug|Any CPU.Build.0 = Debug|Any CPU
		{06B272A7-E098-460C-A885-4B88A924A598}.Release|Any CPU.ActiveCfg = Release|Any CPU
		{06B272A7-E098-460C-A885-4B88A924A598}.Release|Any CPU.Build.0 = Release|Any CPU
		{C64457DE-BE55-4CFA-8562-F768EFA08DAE}.Debug|Any CPU.ActiveCfg = Debug|Any CPU
		{C64457DE-BE55-4CFA-8562-F768EFA08DAE}.Debug|Any CPU.Build.0 = Debug|Any CPU
		{C64457DE-BE55-4CFA-8562-F768EFA08DAE}.Release|Any CPU.ActiveCfg = Release|Any CPU
		{C64457DE-BE55-4CFA-8562-F768EFA08DAE}.Release|Any CPU.Build.0 = Release|Any CPU
	EndGlobalSection
	GlobalSection(SolutionProperties) = preSolution
		HideSolutionNode = FALSE
	EndGlobalSection
	GlobalSection(ExtensibilityGlobals) = postSolution
		SolutionGuid = {DC95CF42-774C-4260-B387-CFE5B3DB1C75}
	EndGlobalSection
EndGlobal
